
Microsoft Visual Studio Solution File, Format Version 12.00
# Visual Studio 2013
VisualStudioVersion = 12.0.40629.0
MinimumVisualStudioVersion = 10.0.40219.1
Project("{FAE04EC0-301F-11D3-BF4B-00C04F79EFBC}") = "Life Engine", "Life Engine\Life Engine.csproj", "{92CCBB64-FCFC-4BB2-A3A3-38B71C27D358}"
EndProject
Project("{FAE04EC0-301F-11D3-BF4B-00C04F79EFBC}") = "UnitTestLifeEngine", "UnitTestLifeEngine\UnitTestLifeEngine.csproj", "{2E5B9106-6E8F-4508-AC1F-08686EDC1B0E}"
EndProject
Project("{FAE04EC0-301F-11D3-BF4B-00C04F79EFBC}") = "ProvaLifeConsole", "ProvaLifeConsole\ProvaLifeConsole.csproj", "{D1AA317F-13CA-4B80-A390-F55436473BFD}"
EndProject
Global
	GlobalSection(SolutionConfigurationPlatforms) = preSolution
		Debug|Any CPU = Debug|Any CPU
		Release|Any CPU = Release|Any CPU
	EndGlobalSection
	GlobalSection(ProjectConfigurationPlatforms) = postSolution
		{92CCBB64-FCFC-4BB2-A3A3-38B71C27D358}.Debug|Any CPU.ActiveCfg = Debug|Any CPU
		{92CCBB64-FCFC-4BB2-A3A3-38B71C27D358}.Debug|Any CPU.Build.0 = Debug|Any CPU
		{92CCBB64-FCFC-4BB2-A3A3-38B71C27D358}.Release|Any CPU.ActiveCfg = Release|Any CPU
		{92CCBB64-FCFC-4BB2-A3A3-38B71C27D358}.Release|Any CPU.Build.0 = Release|Any CPU
		{2E5B9106-6E8F-4508-AC1F-08686EDC1B0E}.Debug|Any CPU.ActiveCfg = Debug|Any CPU
		{2E5B9106-6E8F-4508-AC1F-08686EDC1B0E}.Debug|Any CPU.Build.0 = Debug|Any CPU
		{2E5B9106-6E8F-4508-AC1F-08686EDC1B0E}.Release|Any CPU.ActiveCfg = Release|Any CPU
		{2E5B9106-6E8F-4508-AC1F-08686EDC1B0E}.Release|Any CPU.Build.0 = Release|Any CPU
		{D1AA317F-13CA-4B80-A390-F55436473BFD}.Debug|Any CPU.ActiveCfg = Debug|Any CPU
		{D1AA317F-13CA-4B80-A390-F55436473BFD}.Debug|Any CPU.Build.0 = Debug|Any CPU
		{D1AA317F-13CA-4B80-A390-F55436473BFD}.Release|Any CPU.ActiveCfg = Release|Any CPU
		{D1AA317F-13CA-4B80-A390-F55436473BFD}.Release|Any CPU.Build.0 = Release|Any CPU
	EndGlobalSection
	GlobalSection(SolutionProperties) = preSolution
		HideSolutionNode = FALSE
	EndGlobalSection
EndGlobal
